#MicroXplorer Configuration settings - do not modify
Mcu.Family=STM32L4
ProjectManager.MainLocation=Src
RCC.USART1Freq_Value=16000000
RCC.SAI1Freq_Value=18285714.285714287
RCC.CortexFreq_Value=16000000
ProjectManager.KeepUserCode=true
Mcu.UserName=STM32L432KBUx
RCC.PLLSAI1RoutputFreq_Value=64000000
PA0.GPIO_Label=MCUCLK
ProjectManager.functionlistsort=1-MX_GPIO_Init-GPIO-false-HAL-true,2-SystemClock_Config-RCC-false-HAL-false,3-MX_TIM2_Init-TIM2-false-HAL-true,4-MX_CAN1_Init-CAN1-false-HAL-true,5-MX_ADC1_Init-ADC1-false-HAL-true,6-MX_TIM15_Init-TIM15-false-HAL-true
PA9.GPIOParameters=GPIO_Label
PA11.Mode=Master
PA3.GPIOParameters=GPIO_Label
PA6.GPIO_Label=countbit4
PB0.GPIO_Label=countclr
PB6.GPIO_Label=OEhighspeed
RCC.USART2Freq_Value=16000000
PA2.GPIOParameters=GPIO_Label
PinOutPanel.RotationAngle=0
RCC.MCO1PinFreq_Value=16000000
ProjectManager.StackSize=0x400
PB3\ (JTDO-TRACESWO).Signal=GPIO_Input
PB5.GPIOParameters=GPIO_Label
SH.ADCx_IN16.0=ADC1_IN16,IN16-Single-Ended
PA14\ (JTCK-SWCLK).Signal=SYS_JTCK-SWCLK
RCC.I2C3Freq_Value=16000000
RCC.LPTIM1Freq_Value=16000000
Mcu.IP4=SYS
RCC.FCLKCortexFreq_Value=16000000
Mcu.IP5=TIM2
Mcu.IP2=NVIC
NVIC.SVCall_IRQn=true\:0\:0\:false\:false\:true\:false\:false
Mcu.IP3=RCC
Mcu.IP0=ADC1
Mcu.IP1=CAN1
PA12.Signal=CAN1_TX
Mcu.UserConstants=
RCC.VCOSAI1OutputFreq_Value=128000000
TIM15.Prescaler=10000
Mcu.ThirdPartyNb=0
RCC.HCLKFreq_Value=16000000
Mcu.IPNb=7
TIM2.IPParameters=Channel-PWM Generation1 CH1,Period,Pulse-PWM Generation1 CH1
ProjectManager.PreviousToolchain=SW4STM32
RCC.APB2TimFreq_Value=16000000
PB6.Signal=GPIO_Output
SH.ADCx_IN7.ConfNb=1
PA8.GPIOParameters=GPIO_Label
Mcu.Pin6=PA7
Mcu.Pin7=PB0
Mcu.Pin8=PB1
Mcu.Pin9=PA8
RCC.AHBFreq_Value=16000000
Mcu.Pin0=PA0
Mcu.Pin1=PA2
Mcu.Pin2=PA3
Mcu.Pin3=PA4
Mcu.Pin4=PA5
Mcu.Pin5=PA6
ADC1.Channel-0\#ChannelRegularConversion=ADC_CHANNEL_7
ProjectManager.ProjectBuild=false
RCC.HSE_VALUE=8000000
NVIC.UsageFault_IRQn=true\:0\:0\:false\:false\:true\:false\:false
PA0.Locked=true
NVIC.DebugMonitor_IRQn=true\:0\:0\:false\:false\:true\:false\:false
PA8.Locked=true
PA4.Locked=true
NVIC.SysTick_IRQn=true\:0\:0\:false\:false\:true\:false\:true
ProjectManager.FirmwarePackage=STM32Cube FW_L4 V1.13.0
MxDb.Version=DB.5.0.1
PB0.GPIOParameters=GPIO_Label
ProjectManager.BackupPrevious=false
RCC.VCOInputFreq_Value=16000000
VP_SYS_VS_tim1.Mode=TIM1
PB1.GPIO_Label=ADCstrain
File.Version=6
PA10.GPIO_Label=countbit8
SH.ADCx_IN16.ConfNb=1
SH.S_TIM2_CH1.ConfNb=1
PA8.Signal=GPIO_Input
RCC.PLLRCLKFreq_Value=64000000
TIM2.Channel-PWM\ Generation1\ CH1=TIM_CHANNEL_1
PB6.Locked=true
NVIC.PendSV_IRQn=true\:0\:0\:false\:false\:true\:false\:false
VP_TIM15_VS_ClockSourceINT.Signal=TIM15_VS_ClockSourceINT
PB6.GPIOParameters=GPIO_Label
ProjectManager.HalAssertFull=false
PB0.Locked=true
ADC1.SamplingTime-0\#ChannelRegularConversion=ADC_SAMPLETIME_2CYCLES_5
ProjectManager.ProjectName=TractionControl
PA0.Signal=S_TIM2_CH1
PB4\ (NJTRST).Locked=true
CAN1.Prescaler=32
Mcu.Package=UFQFPN32
PA6.Signal=GPIO_Input
PB1.Signal=ADCx_IN16
PA5.Locked=true
PA7.Locked=true
NVIC.TimeBase=TIM1_UP_TIM16_IRQn
ProjectManager.ToolChainLocation=
PA2.GPIO_Label=ADCshock
RCC.LSI_VALUE=32000
NVIC.TimeBaseIP=TIM1
RCC.LSCOPinFreq_Value=32000
PA10.Signal=GPIO_Input
PA5.GPIOParameters=GPIO_Label
PB5.GPIO_Label=OEmedspeed
RCC.PLLPoutputFreq_Value=18285714.285714287
RCC.APB1TimFreq_Value=16000000
NVIC.BusFault_IRQn=true\:0\:0\:false\:false\:true\:false\:false
RCC.LPUART1Freq_Value=16000000
PA13\ (JTMS-SWDIO).Signal=SYS_JTMS-SWDIO
PA4.GPIO_Label=countbit2
ProjectManager.CustomerFirmwarePackage=
RCC.MSIClockRange=RCC_MSIRANGE_8
RCC.HSI48_VALUE=48000000
PB3\ (JTDO-TRACESWO).Locked=true
PA3.Signal=GPIO_Input
CAN1.CalculateTimeQuantum=2000.0
PA2.Locked=true
PA6.GPIOParameters=GPIO_Label
RCC.MSI_VALUE=16000000
PA14\ (JTCK-SWCLK).Mode=Serial_Wire
RCC.PLLQoutputFreq_Value=64000000
ProjectManager.ProjectFileName=TractionControl.ioc
SH.S_TIM2_CH1.0=TIM2_CH1,PWM Generation1 CH1
ADC1.Rank-0\#ChannelRegularConversion=1
Mcu.PinsNb=22
ProjectManager.NoMain=false
ADC1.IPParameters=Rank-0\#ChannelRegularConversion,Channel-0\#ChannelRegularConversion,SamplingTime-0\#ChannelRegularConversion,OffsetNumber-0\#ChannelRegularConversion,NbrOfConversionFlag,master
ADC1.OffsetNumber-0\#ChannelRegularConversion=ADC_OFFSET_NONE
PA9.GPIO_Label=countbit7
CAN1.IPParameters=CalculateTimeQuantum,Prescaler,SJW,BS2
RCC.SWPMI1Freq_Value=16000000
ProjectManager.DefaultFWLocation=true
PB3\ (JTDO-TRACESWO).GPIO_Label=errorflag
ProjectManager.DeletePrevious=true
RCC.FamilyName=M
TIM2.Pulse-PWM\ Generation1\ CH1=1
PB4\ (NJTRST).GPIOParameters=GPIO_Label
PA8.GPIO_Label=countbit6
CAN1.BS2=CAN_BS2_2TQ
ProjectManager.TargetToolchain=SW4STM32
SH.ADCx_IN7.0=ADC1_IN7,IN7-Single-Ended
PA9.Signal=GPIO_Input
PB5.Locked=true
ProjectManager.RegisterCallBack=
RCC.USBFreq_Value=64000000
RCC.LSE_VALUE=32768
TIM15.IPParameters=Prescaler
RCC.PLLSAI1PoutputFreq_Value=18285714.285714287
PB1.Locked=true
PA5.Signal=GPIO_Input
NVIC.TIM1_BRK_TIM15_IRQn=true\:0\:0\:false\:false\:true\:true\:true
board=custom
RCC.VCOOutputFreq_Value=128000000
ProjectManager.LastFirmware=true
RCC.APB2Freq_Value=16000000
MxCube.Version=5.0.1
PB3\ (JTDO-TRACESWO).GPIOParameters=GPIO_Label
RCC.I2C1Freq_Value=16000000
VP_SYS_VS_tim1.Signal=SYS_VS_tim1
RCC.RNGFreq_Value=64000000
RCC.PLLSAI1QoutputFreq_Value=64000000
RCC.ADCFreq_Value=64000000
PA10.GPIOParameters=GPIO_Label
PA9.Locked=true
NVIC.NonMaskableInt_IRQn=true\:0\:0\:false\:false\:true\:false\:false
PA4.GPIOParameters=GPIO_Label
TIM2.Period=1
ProjectManager.FreePins=false
RCC.IPParameters=ADCFreq_Value,AHBFreq_Value,APB1Freq_Value,APB1TimFreq_Value,APB2Freq_Value,APB2TimFreq_Value,CortexFreq_Value,FCLKCortexFreq_Value,FamilyName,HCLKFreq_Value,HSE_VALUE,HSI48_VALUE,HSI_VALUE,I2C1Freq_Value,I2C3Freq_Value,LPTIM1Freq_Value,LPTIM2Freq_Value,LPUART1Freq_Value,LSCOPinFreq_Value,LSE_VALUE,LSI_VALUE,MCO1PinFreq_Value,MSIClockRange,MSI_VALUE,PLLPoutputFreq_Value,PLLQoutputFreq_Value,PLLRCLKFreq_Value,PLLSAI1PoutputFreq_Value,PLLSAI1QoutputFreq_Value,PLLSAI1RoutputFreq_Value,PWRFreq_Value,RNGFreq_Value,SAI1Freq_Value,SWPMI1Freq_Value,SYSCLKFreq_VALUE,USART1Freq_Value,USART2Freq_Value,USBFreq_Value,VCOInputFreq_Value,VCOOutputFreq_Value,VCOSAI1OutputFreq_Value
ProjectManager.AskForMigrate=false
Mcu.Name=STM32L432K(B-C)Ux
RCC.LPTIM2Freq_Value=16000000
PA2.Signal=ADCx_IN7
ProjectManager.UnderRoot=true
CAN1.SJW=CAN_SJW_2TQ
Mcu.IP6=TIM15
ProjectManager.CoupleFile=false
PA13\ (JTMS-SWDIO).Mode=Serial_Wire
PA4.Signal=GPIO_Input
RCC.SYSCLKFreq_VALUE=16000000
PB5.Signal=GPIO_Output
PA7.GPIO_Label=countbit5
Mcu.Pin20=VP_SYS_VS_tim1
ADC1.master=1
Mcu.Pin21=VP_TIM15_VS_ClockSourceINT
PA3.Locked=true
PA12.Mode=Master
PA5.GPIO_Label=countbit3
PA10.Locked=true
NVIC.ForceEnableDMAVector=true
KeepUserPlacement=false
NVIC.MemoryManagement_IRQn=true\:0\:0\:false\:false\:true\:false\:false
ProjectManager.CompilerOptimize=6
PA11.Signal=CAN1_RX
VP_TIM15_VS_ClockSourceINT.Mode=Internal
ProjectManager.HeapSize=0x200
PA0.GPIOParameters=GPIO_Label
Mcu.Pin15=PA14 (JTCK-SWCLK)
NVIC.HardFault_IRQn=true\:0\:0\:false\:false\:true\:false\:false
Mcu.Pin16=PB3 (JTDO-TRACESWO)
Mcu.Pin13=PA12
Mcu.Pin14=PA13 (JTMS-SWDIO)
Mcu.Pin19=PB6
ProjectManager.ComputerToolchain=false
Mcu.Pin17=PB4 (NJTRST)
RCC.HSI_VALUE=16000000
Mcu.Pin18=PB5
NVIC.TIM1_UP_TIM16_IRQn=true\:0\:0\:false\:false\:true\:false\:true
NVIC.PriorityGroup=NVIC_PRIORITYGROUP_4
ADC1.NbrOfConversionFlag=1
Mcu.Pin11=PA10
Mcu.Pin12=PA11
Mcu.Pin10=PA9
RCC.PWRFreq_Value=16000000
PB4\ (NJTRST).GPIO_Label=OElowspeed
RCC.APB1Freq_Value=16000000
PB0.Signal=GPIO_Output
PA7.GPIOParameters=GPIO_Label
ProjectManager.DeviceId=STM32L432KBUx
ProjectManager.LibraryCopy=1
PA3.GPIO_Label=countbit1
PB1.GPIOParameters=GPIO_Label
PA7.Signal=GPIO_Input
PB4\ (NJTRST).Signal=GPIO_Output
PA6.Locked=true
